
Microsoft Visual Studio Solution File, Format Version 12.00
# Visual Studio 15
VisualStudioVersion = 15.0.28010.2050
MinimumVisualStudioVersion = 10.0.40219.1
Project("{9A19103F-16F7-4668-BE54-9A1E7A4F7556}") = "ApiMultas", "ApiMultas.csproj", "{5F37C0BF-EEB2-46DD-8F45-96D564E3FB64}"
EndProject
Global
	GlobalSection(SolutionConfigurationPlatforms) = preSolution
		Debug|Any CPU = Debug|Any CPU
		Release|Any CPU = Release|Any CPU
	EndGlobalSection
	GlobalSection(ProjectConfigurationPlatforms) = postSolution
		{5F37C0BF-EEB2-46DD-8F45-96D564E3FB64}.Debug|Any CPU.ActiveCfg = Debug|Any CPU
		{5F37C0BF-EEB2-46DD-8F45-96D564E3FB64}.Debug|Any CPU.Build.0 = Debug|Any CPU
		{5F37C0BF-EEB2-46DD-8F45-96D564E3FB64}.Release|Any CPU.ActiveCfg = Release|Any CPU
		{5F37C0BF-EEB2-46DD-8F45-96D564E3FB64}.Release|Any CPU.Build.0 = Release|Any CPU
	EndGlobalSection
	GlobalSection(SolutionProperties) = preSolution
		HideSolutionNode = FALSE
	EndGlobalSection
	GlobalSection(ExtensibilityGlobals) = postSolution
		SolutionGuid = {D402ED3F-2006-405F-B649-D3B81012BE64}
	EndGlobalSection
EndGlobal
